// !$*UTF8*$!
{
	archiveVersion = 1;
	classes = {
	};
	objectVersion = 50;
	objects = {

/* Begin PBXBuildFile section */
		9F07EB7223E8C08000964D2D /* UpdateList.swift in Sources */ = {isa = PBXBuildFile; fileRef = 9F07EB7123E8C08000964D2D /* UpdateList.swift */; };
		9F07EB7423E9269400964D2D /* UpdateDetail.swift in Sources */ = {isa = PBXBuildFile; fileRef = 9F07EB7323E9269400964D2D /* UpdateDetail.swift */; };
		9F07EB7623E92A4600964D2D /* UpdateStore.swift in Sources */ = {isa = PBXBuildFile; fileRef = 9F07EB7523E92A4600964D2D /* UpdateStore.swift */; };
		9F07EB7823E930C200964D2D /* TabBar.swift in Sources */ = {isa = PBXBuildFile; fileRef = 9F07EB7723E930C200964D2D /* TabBar.swift */; };
		9F14739623E2531B00ED6E69 /* AppDelegate.swift in Sources */ = {isa = PBXBuildFile; fileRef = 9F14739523E2531B00ED6E69 /* AppDelegate.swift */; };
		9F14739823E2531B00ED6E69 /* SceneDelegate.swift in Sources */ = {isa = PBXBuildFile; fileRef = 9F14739723E2531B00ED6E69 /* SceneDelegate.swift */; };
		9F14739A23E2531B00ED6E69 /* ContentView.swift in Sources */ = {isa = PBXBuildFile; fileRef = 9F14739923E2531B00ED6E69 /* ContentView.swift */; };
		9F14739C23E2531D00ED6E69 /* Assets.xcassets in Resources */ = {isa = PBXBuildFile; fileRef = 9F14739B23E2531D00ED6E69 /* Assets.xcassets */; };
		9F14739F23E2531D00ED6E69 /* Preview Assets.xcassets in Resources */ = {isa = PBXBuildFile; fileRef = 9F14739E23E2531D00ED6E69 /* Preview Assets.xcassets */; };
		9F1473A223E2531D00ED6E69 /* LaunchScreen.storyboard in Resources */ = {isa = PBXBuildFile; fileRef = 9F1473A023E2531D00ED6E69 /* LaunchScreen.storyboard */; };
		9F5FF99C23EA68020077DACD /* RingView.swift in Sources */ = {isa = PBXBuildFile; fileRef = 9F5FF99B23EA68020077DACD /* RingView.swift */; };
		9F62145323E6180F00B9BA0B /* MenuView.swift in Sources */ = {isa = PBXBuildFile; fileRef = 9F62145223E6180F00B9BA0B /* MenuView.swift */; };
		9F62145523E719A700B9BA0B /* Home.swift in Sources */ = {isa = PBXBuildFile; fileRef = 9F62145423E719A700B9BA0B /* Home.swift */; };
		9F62145723E7B58500B9BA0B /* HomeView.swift in Sources */ = {isa = PBXBuildFile; fileRef = 9F62145623E7B58500B9BA0B /* HomeView.swift */; };
		9F62145923E7B76B00B9BA0B /* screen.swift in Sources */ = {isa = PBXBuildFile; fileRef = 9F62145823E7B76B00B9BA0B /* screen.swift */; };
		9F749E9423EBBDDD00637388 /* Modifiers.swift in Sources */ = {isa = PBXBuildFile; fileRef = 9F749E9323EBBDDD00637388 /* Modifiers.swift */; };
		9F749E9623EBC1EB00637388 /* FontArmata in Resources */ = {isa = PBXBuildFile; fileRef = 9F749E9523EBC1EB00637388 /* FontArmata */; };
/* End PBXBuildFile section */

/* Begin PBXFileReference section */
		9F07EB7123E8C08000964D2D /* UpdateList.swift */ = {isa = PBXFileReference; lastKnownFileType = sourcecode.swift; path = UpdateList.swift; sourceTree = "<group>"; };
		9F07EB7323E9269400964D2D /* UpdateDetail.swift */ = {isa = PBXFileReference; lastKnownFileType = sourcecode.swift; path = UpdateDetail.swift; sourceTree = "<group>"; };
		9F07EB7523E92A4600964D2D /* UpdateStore.swift */ = {isa = PBXFileReference; lastKnownFileType = sourcecode.swift; path = UpdateStore.swift; sourceTree = "<group>"; };
		9F07EB7723E930C200964D2D /* TabBar.swift */ = {isa = PBXFileReference; lastKnownFileType = sourcecode.swift; path = TabBar.swift; sourceTree = "<group>"; };
		9F14739223E2531B00ED6E69 /* designcode.app */ = {isa = PBXFileReference; explicitFileType = wrapper.application; includeInIndex = 0; path = designcode.app; sourceTree = BUILT_PRODUCTS_DIR; };
		9F14739523E2531B00ED6E69 /* AppDelegate.swift */ = {isa = PBXFileReference; lastKnownFileType = sourcecode.swift; path = AppDelegate.swift; sourceTree = "<group>"; };
		9F14739723E2531B00ED6E69 /* SceneDelegate.swift */ = {isa = PBXFileReference; lastKnownFileType = sourcecode.swift; path = SceneDelegate.swift; sourceTree = "<group>"; };
		9F14739923E2531B00ED6E69 /* ContentView.swift */ = {isa = PBXFileReference; lastKnownFileType = sourcecode.swift; path = ContentView.swift; sourceTree = "<group>"; };
		9F14739B23E2531D00ED6E69 /* Assets.xcassets */ = {isa = PBXFileReference; lastKnownFileType = folder.assetcatalog; path = Assets.xcassets; sourceTree = "<group>"; };
		9F14739E23E2531D00ED6E69 /* Preview Assets.xcassets */ = {isa = PBXFileReference; lastKnownFileType = folder.assetcatalog; path = "Preview Assets.xcassets"; sourceTree = "<group>"; };
		9F1473A123E2531D00ED6E69 /* Base */ = {isa = PBXFileReference; lastKnownFileType = file.storyboard; name = Base; path = Base.lproj/LaunchScreen.storyboard; sourceTree = "<group>"; };
		9F1473A323E2531D00ED6E69 /* Info.plist */ = {isa = PBXFileReference; lastKnownFileType = text.plist.xml; path = Info.plist; sourceTree = "<group>"; };
		9F5FF99B23EA68020077DACD /* RingView.swift */ = {isa = PBXFileReference; lastKnownFileType = sourcecode.swift; path = RingView.swift; sourceTree = "<group>"; };
		9F62145223E6180F00B9BA0B /* MenuView.swift */ = {isa = PBXFileReference; lastKnownFileType = sourcecode.swift; path = MenuView.swift; sourceTree = "<group>"; };
		9F62145423E719A700B9BA0B /* Home.swift */ = {isa = PBXFileReference; lastKnownFileType = sourcecode.swift; path = Home.swift; sourceTree = "<group>"; };
		9F62145623E7B58500B9BA0B /* HomeView.swift */ = {isa = PBXFileReference; lastKnownFileType = sourcecode.swift; path = HomeView.swift; sourceTree = "<group>"; };
		9F62145823E7B76B00B9BA0B /* screen.swift */ = {isa = PBXFileReference; lastKnownFileType = sourcecode.swift; path = screen.swift; sourceTree = "<group>"; };
		9F749E9323EBBDDD00637388 /* Modifiers.swift */ = {isa = PBXFileReference; lastKnownFileType = sourcecode.swift; path = Modifiers.swift; sourceTree = "<group>"; };
		9F749E9523EBC1EB00637388 /* FontArmata */ = {isa = PBXFileReference; lastKnownFileType = folder; path = FontArmata; sourceTree = "<group>"; };
/* End PBXFileReference section */

/* Begin PBXFrameworksBuildPhase section */
		9F14738F23E2531B00ED6E69 /* Frameworks */ = {
			isa = PBXFrameworksBuildPhase;
			buildActionMask = 2147483647;
			files = (
			);
			runOnlyForDeploymentPostprocessing = 0;
		};
/* End PBXFrameworksBuildPhase section */

/* Begin PBXGroup section */
		9F14738923E2531B00ED6E69 = {
			isa = PBXGroup;
			children = (
				9F14739423E2531B00ED6E69 /* designcode */,
				9F14739323E2531B00ED6E69 /* Products */,
			);
			sourceTree = "<group>";
		};
		9F14739323E2531B00ED6E69 /* Products */ = {
			isa = PBXGroup;
			children = (
				9F14739223E2531B00ED6E69 /* designcode.app */,
			);
			name = Products;
			sourceTree = "<group>";
		};
		9F14739423E2531B00ED6E69 /* designcode */ = {
			isa = PBXGroup;
			children = (
				9F14739523E2531B00ED6E69 /* AppDelegate.swift */,
				9F14739723E2531B00ED6E69 /* SceneDelegate.swift */,
				9F14739923E2531B00ED6E69 /* ContentView.swift */,
				9F5FF99B23EA68020077DACD /* RingView.swift */,
				9F749E9323EBBDDD00637388 /* Modifiers.swift */,
				9F62145223E6180F00B9BA0B /* MenuView.swift */,
				9F62145423E719A700B9BA0B /* Home.swift */,
				9F62145623E7B58500B9BA0B /* HomeView.swift */,
				9F62145823E7B76B00B9BA0B /* screen.swift */,
				9F07EB7123E8C08000964D2D /* UpdateList.swift */,
				9F07EB7323E9269400964D2D /* UpdateDetail.swift */,
				9F07EB7523E92A4600964D2D /* UpdateStore.swift */,
				9F07EB7723E930C200964D2D /* TabBar.swift */,
				9F14739B23E2531D00ED6E69 /* Assets.xcassets */,
				9F749E9523EBC1EB00637388 /* FontArmata */,
				9F1473A023E2531D00ED6E69 /* LaunchScreen.storyboard */,
				9F1473A323E2531D00ED6E69 /* Info.plist */,
				9F14739D23E2531D00ED6E69 /* Preview Content */,
			);
			path = designcode;
			sourceTree = "<group>";
		};
		9F14739D23E2531D00ED6E69 /* Preview Content */ = {
			isa = PBXGroup;
			children = (
				9F14739E23E2531D00ED6E69 /* Preview Assets.xcassets */,
			);
			path = "Preview Content";
			sourceTree = "<group>";
		};
/* End PBXGroup section */

/* Begin PBXNativeTarget section */
		9F14739123E2531B00ED6E69 /* designcode */ = {
			isa = PBXNativeTarget;
			buildConfigurationList = 9F1473A623E2531D00ED6E69 /* Build configuration list for PBXNativeTarget "designcode" */;
			buildPhases = (
				9F14738E23E2531B00ED6E69 /* Sources */,
				9F14738F23E2531B00ED6E69 /* Frameworks */,
				9F14739023E2531B00ED6E69 /* Resources */,
			);
			buildRules = (
			);
			dependencies = (
			);
			name = designcode;
			productName = designcode;
			productReference = 9F14739223E2531B00ED6E69 /* designcode.app */;
			productType = "com.apple.product-type.application";
		};
/* End PBXNativeTarget section */

/* Begin PBXProject section */
		9F14738A23E2531B00ED6E69 /* Project object */ = {
			isa = PBXProject;
			attributes = {
				LastSwiftUpdateCheck = 1130;
				LastUpgradeCheck = 1130;
				ORGANIZATIONNAME = "jesper kristiansen";
				TargetAttributes = {
					9F14739123E2531B00ED6E69 = {
						CreatedOnToolsVersion = 11.3.1;
					};
				};
			};
			buildConfigurationList = 9F14738D23E2531B00ED6E69 /* Build configuration list for PBXProject "designcode" */;
			compatibilityVersion = "Xcode 9.3";
			developmentRegion = en;
			hasScannedForEncodings = 0;
			knownRegions = (
				en,
				Base,
			);
			mainGroup = 9F14738923E2531B00ED6E69;
			productRefGroup = 9F14739323E2531B00ED6E69 /* Products */;
			projectDirPath = "";
			projectRoot = "";
			targets = (
				9F14739123E2531B00ED6E69 /* designcode */,
			);
		};
/* End PBXProject section */

/* Begin PBXResourcesBuildPhase section */
		9F14739023E2531B00ED6E69 /* Resources */ = {
			isa = PBXResourcesBuildPhase;
			buildActionMask = 2147483647;
			files = (
				9F749E9623EBC1EB00637388 /* FontArmata in Resources */,
				9F1473A223E2531D00ED6E69 /* LaunchScreen.storyboard in Resources */,
				9F14739F23E2531D00ED6E69 /* Preview Assets.xcassets in Resources */,
				9F14739C23E2531D00ED6E69 /* Assets.xcassets in Resources */,
			);
			runOnlyForDeploymentPostprocessing = 0;
		};
/* End PBXResourcesBuildPhase section */

/* Begin PBXSourcesBuildPhase section */
		9F14738E23E2531B00ED6E69 /* Sources */ = {
			isa = PBXSourcesBuildPhase;
			buildActionMask = 2147483647;
			files = (
				9F5FF99C23EA68020077DACD /* RingView.swift in Sources */,
				9F14739623E2531B00ED6E69 /* AppDelegate.swift in Sources */,
				9F62145923E7B76B00B9BA0B /* screen.swift in Sources */,
				9F07EB7423E9269400964D2D /* UpdateDetail.swift in Sources */,
				9F07EB7223E8C08000964D2D /* UpdateList.swift in Sources */,
				9F62145323E6180F00B9BA0B /* MenuView.swift in Sources */,
				9F62145523E719A700B9BA0B /* Home.swift in Sources */,
				9F07EB7623E92A4600964D2D /* UpdateStore.swift in Sources */,
				9F62145723E7B58500B9BA0B /* HomeView.swift in Sources */,
				9F07EB7823E930C200964D2D /* TabBar.swift in Sources */,
				9F14739823E2531B00ED6E69 /* SceneDelegate.swift in Sources */,
				9F14739A23E2531B00ED6E69 /* ContentView.swift in Sources */,
				9F749E9423EBBDDD00637388 /* Modifiers.swift in Sources */,
			);
			runOnlyForDeploymentPostprocessing = 0;
		};
/* End PBXSourcesBuildPhase section */

/* Begin PBXVariantGroup section */
		9F1473A023E2531D00ED6E69 /* LaunchScreen.storyboard */ = {
			isa = PBXVariantGroup;
			children = (
				9F1473A123E2531D00ED6E69 /* Base */,
			);
			name = LaunchScreen.storyboard;
			sourceTree = "<group>";
		};
/* End PBXVariantGroup section */

/* Begin XCBuildConfiguration section */
		9F1473A423E2531D00ED6E69 /* Debug */ = {
			isa = XCBuildConfiguration;
			buildSettings = {
				ALWAYS_SEARCH_USER_PATHS = NO;
				CLANG_ANALYZER_NONNULL = YES;
				CLANG_ANALYZER_NUMBER_OBJECT_CONVERSION = YES_AGGRESSIVE;
				CLANG_CXX_LANGUAGE_STANDARD = "gnu++14";
				CLANG_CXX_LIBRARY = "libc++";
				CLANG_ENABLE_MODULES = YES;
				CLANG_ENABLE_OBJC_ARC = YES;
				CLANG_ENABLE_OBJC_WEAK = YES;
				CLANG_WARN_BLOCK_CAPTURE_AUTORELEASING = YES;
				CLANG_WARN_BOOL_CONVERSION = YES;
				CLANG_WARN_COMMA = YES;
				CLANG_WARN_CONSTANT_CONVERSION = YES;
				CLANG_WARN_DEPRECATED_OBJC_IMPLEMENTATIONS = YES;
				CLANG_WARN_DIRECT_OBJC_ISA_USAGE = YES_ERROR;
				CLANG_WARN_DOCUMENTATION_COMMENTS = YES;
				CLANG_WARN_EMPTY_BODY = YES;
				CLANG_WARN_ENUM_CONVERSION = YES;
				CLANG_WARN_INFINITE_RECURSION = YES;
				CLANG_WARN_INT_CONVERSION = YES;
				CLANG_WARN_NON_LITERAL_NULL_CONVERSION = YES;
				CLANG_WARN_OBJC_IMPLICIT_RETAIN_SELF = YES;
				CLANG_WARN_OBJC_LITERAL_CONVERSION = YES;
				CLANG_WARN_OBJC_ROOT_CLASS = YES_ERROR;
				CLANG_WARN_RANGE_LOOP_ANALYSIS = YES;
				CLANG_WARN_STRICT_PROTOTYPES = YES;
				CLANG_WARN_SUSPICIOUS_MOVE = YES;
				CLANG_WARN_UNGUARDED_AVAILABILITY = YES_AGGRESSIVE;
				CLANG_WARN_UNREACHABLE_CODE = YES;
				CLANG_WARN__DUPLICATE_METHOD_MATCH = YES;
				COPY_PHASE_STRIP = NO;
				DEBUG_INFORMATION_FORMAT = dwarf;
				ENABLE_STRICT_OBJC_MSGSEND = YES;
				ENABLE_TESTABILITY = YES;
				GCC_C_LANGUAGE_STANDARD = gnu11;
				GCC_DYNAMIC_NO_PIC = NO;
				GCC_NO_COMMON_BLOCKS = YES;
				GCC_OPTIMIZATION_LEVEL = 0;
				GCC_PREPROCESSOR_DEFINITIONS = (
					"DEBUG=1",
					"$(inherited)",
				);
				GCC_WARN_64_TO_32_BIT_CONVERSION = YES;
				GCC_WARN_ABOUT_RETURN_TYPE = YES_ERROR;
				GCC_WARN_UNDECLARED_SELECTOR = YES;
				GCC_WARN_UNINITIALIZED_AUTOS = YES_AGGRESSIVE;
				GCC_WARN_UNUSED_FUNCTION = YES;
				GCC_WARN_UNUSED_VARIABLE = YES;
				IPHONEOS_DEPLOYMENT_TARGET = 13.2;
				MTL_ENABLE_DEBUG_INFO = INCLUDE_SOURCE;
				MTL_FAST_MATH = YES;
				ONLY_ACTIVE_ARCH = YES;
				SDKROOT = iphoneos;
				SWIFT_ACTIVE_COMPILATION_CONDITIONS = DEBUG;
				SWIFT_OPTIMIZATION_LEVEL = "-Onone";
			};
			name = Debug;
		};
		9F1473A523E2531D00ED6E69 /* Release */ = {
			isa = XCBuildConfiguration;
			buildSettings = {
				ALWAYS_SEARCH_USER_PATHS = NO;
				CLANG_ANALYZER_NONNULL = YES;
				CLANG_ANALYZER_NUMBER_OBJECT_CONVERSION = YES_AGGRESSIVE;
				CLANG_CXX_LANGUAGE_STANDARD = "gnu++14";
				CLANG_CXX_LIBRARY = "libc++";
				CLANG_ENABLE_MODULES = YES;
				CLANG_ENABLE_OBJC_ARC = YES;
				CLANG_ENABLE_OBJC_WEAK = YES;
				CLANG_WARN_BLOCK_CAPTURE_AUTORELEASING = YES;
				CLANG_WARN_BOOL_CONVERSION = YES;
				CLANG_WARN_COMMA = YES;
				CLANG_WARN_CONSTANT_CONVERSION = YES;
				CLANG_WARN_DEPRECATED_OBJC_IMPLEMENTATIONS = YES;
				CLANG_WARN_DIRECT_OBJC_ISA_USAGE = YES_ERROR;
				CLANG_WARN_DOCUMENTATION_COMMENTS = YES;
				CLANG_WARN_EMPTY_BODY = YES;
				CLANG_WARN_ENUM_CONVERSION = YES;
				CLANG_WARN_INFINITE_RECURSION = YES;
				CLANG_WARN_INT_CONVERSION = YES;
				CLANG_WARN_NON_LITERAL_NULL_CONVERSION = YES;
				CLANG_WARN_OBJC_IMPLICIT_RETAIN_SELF = YES;
				CLANG_WARN_OBJC_LITERAL_CONVERSION = YES;
				CLANG_WARN_OBJC_ROOT_CLASS = YES_ERROR;
				CLANG_WARN_RANGE_LOOP_ANALYSIS = YES;
				CLANG_WARN_STRICT_PROTOTYPES = YES;
				CLANG_WARN_SUSPICIOUS_MOVE = YES;
				CLANG_WARN_UNGUARDED_AVAILABILITY = YES_AGGRESSIVE;
				CLANG_WARN_UNREACHABLE_CODE = YES;
				CLANG_WARN__DUPLICATE_METHOD_MATCH = YES;
				COPY_PHASE_STRIP = NO;
				DEBUG_INFORMATION_FORMAT = "dwarf-with-dsym";
				ENABLE_NS_ASSERTIONS = NO;
				ENABLE_STRICT_OBJC_MSGSEND = YES;
				GCC_C_LANGUAGE_STANDARD = gnu11;
				GCC_NO_COMMON_BLOCKS = YES;
				GCC_WARN_64_TO_32_BIT_CONVERSION = YES;
				GCC_WARN_ABOUT_RETURN_TYPE = YES_ERROR;
				GCC_WARN_UNDECLARED_SELECTOR = YES;
				GCC_WARN_UNINITIALIZED_AUTOS = YES_AGGRESSIVE;
				GCC_WARN_UNUSED_FUNCTION = YES;
				GCC_WARN_UNUSED_VARIABLE = YES;
				IPHONEOS_DEPLOYMENT_TARGET = 13.2;
				MTL_ENABLE_DEBUG_INFO = NO;
				MTL_FAST_MATH = YES;
				SDKROOT = iphoneos;
				SWIFT_COMPILATION_MODE = wholemodule;
				SWIFT_OPTIMIZATION_LEVEL = "-O";
				VALIDATE_PRODUCT = YES;
			};
			name = Release;
		};
		9F1473A723E2531D00ED6E69 /* Debug */ = {
			isa = XCBuildConfiguration;
			buildSettings = {
				ASSETCATALOG_COMPILER_APPICON_NAME = AppIcon;
				CODE_SIGN_STYLE = Automatic;
				DEVELOPMENT_ASSET_PATHS = "\"designcode/Preview Content\"";
				DEVELOPMENT_TEAM = 5EBCH522YC;
				ENABLE_PREVIEWS = YES;
				INFOPLIST_FILE = designcode/Info.plist;
				LD_RUNPATH_SEARCH_PATHS = (
					"$(inherited)",
					"@executable_path/Frameworks",
				);
				PRODUCT_BUNDLE_IDENTIFIER = JesperKristiansen.designcode;
				PRODUCT_NAME = "$(TARGET_NAME)";
				SWIFT_VERSION = 5.0;
				TARGETED_DEVICE_FAMILY = "1,2";
			};
			name = Debug;
		};
		9F1473A823E2531D00ED6E69 /* Release */ = {
			isa = XCBuildConfiguration;
			buildSettings = {
				ASSETCATALOG_COMPILER_APPICON_NAME = AppIcon;
				CODE_SIGN_STYLE = Automatic;
				DEVELOPMENT_ASSET_PATHS = "\"designcode/Preview Content\"";
				DEVELOPMENT_TEAM = 5EBCH522YC;
				ENABLE_PREVIEWS = YES;
				INFOPLIST_FILE = designcode/Info.plist;
				LD_RUNPATH_SEARCH_PATHS = (
					"$(inherited)",
					"@executable_path/Frameworks",
				);
				PRODUCT_BUNDLE_IDENTIFIER = JesperKristiansen.designcode;
				PRODUCT_NAME = "$(TARGET_NAME)";
				SWIFT_VERSION = 5.0;
				TARGETED_DEVICE_FAMILY = "1,2";
			};
			name = Release;
		};
/* End XCBuildConfiguration section */

/* Begin XCConfigurationList section */
		9F14738D23E2531B00ED6E69 /* Build configuration list for PBXProject "designcode" */ = {
			isa = XCConfigurationList;
			buildConfigurations = (
				9F1473A423E2531D00ED6E69 /* Debug */,
				9F1473A523E2531D00ED6E69 /* Release */,
			);
			defaultConfigurationIsVisible = 0;
			defaultConfigurationName = Release;
		};
		9F1473A623E2531D00ED6E69 /* Build configuration list for PBXNativeTarget "designcode" */ = {
			isa = XCConfigurationList;
			buildConfigurations = (
				9F1473A723E2531D00ED6E69 /* Debug */,
				9F1473A823E2531D00ED6E69 /* Release */,
			);
			defaultConfigurationIsVisible = 0;
			defaultConfigurationName = Release;
		};
/* End XCConfigurationList section */
	};
	rootObject = 9F14738A23E2531B00ED6E69 /* Project object */;
}
